{
  "name": "WakeelSahab",
  "lockfileVersion": 3,
  "requires": true,
  "packages": {
    "": {
      "dependencies": {
        "@stagewise-plugins/react": "^0.5.0",
        "@stagewise/toolbar-react": "^0.5.0"
      }
    },
    "node_modules/@stagewise-plugins/react": {
      "version": "0.5.0",
      "resolved": "https://registry.npmjs.org/@stagewise-plugins/react/-/react-0.5.0.tgz",
      "integrity": "sha512-ZO3l6dEqTaFaSk5HWqcM/6Jn5qLDexeI/uDHvPSXmj0c8i7V4ZZnuoJGGIRZO2+bpOBxEOGI7aZm9gspF2OteA==",
      "peerDependencies": {
        "@stagewise/toolbar": "0.5.0"
      }
    },
    "node_modules/@stagewise/toolbar": {
      "version": "0.5.0",
      "resolved": "https://registry.npmjs.org/@stagewise/toolbar/-/toolbar-0.5.0.tgz",
      "integrity": "sha512-Z8299P7IkXaxy2dTpS4lKyPHMeQ9R3MEtE9CJr9iRAnM8s4Xbc0CRutwzViPF34k/dP83vRZXJFQmEG55YlIOg=="
    },
    "node_modules/@stagewise/toolbar-react": {
      "version": "0.5.0",
      "resolved": "https://registry.npmjs.org/@stagewise/toolbar-react/-/toolbar-react-0.5.0.tgz",
      "integrity": "sha512-7dn3ZsX5vrT84RB4nzlcWPqkvcILDpR24cS3CpgKm/q54+9XWj9WxaqGU/D/B5Cef92bLBuCs1DJZj6vp7VPBA==",
      "dependencies": {
        "@stagewise/toolbar": "0.5.0"
      },
      "peerDependencies": {
        "@types/react": ">=18.0.0",
        "react": ">=18.0.0"
      }
    },
    "node_modules/@types/react": {
      "version": "19.1.8",
      "resolved": "https://registry.npmjs.org/@types/react/-/react-19.1.8.tgz",
      "integrity": "sha512-AwAfQ2Wa5bCx9WP8nZL2uMZWod7J7/JSplxbTmBQ5ms6QpqNYm672H0Vu9ZVKVngQ+ii4R/byguVEUZQyeg44g==",
      "peer": true,
      "dependencies": {
        "csstype": "^3.0.2"
      }
    },
    "node_modules/csstype": {
      "version": "3.1.3",
      "resolved": "https://registry.npmjs.org/csstype/-/csstype-3.1.3.tgz",
      "integrity": "sha512-M1uQkMl8rQK/szD0LNhtqxIPLpimGm8sOBwU7lLnCpSbTyY3yeU1Vc7l4KT5zT4s/yOxHH5O7tIuuLOCnLADRw==",
      "peer": true
    },
    "node_modules/react": {
      "version": "19.1.0",
      "resolved": "https://registry.npmjs.org/react/-/react-19.1.0.tgz",
      "integrity": "sha512-FS+XFBNvn3GTAWq26joslQgWNoFu08F4kl0J4CgdNKADkdSGXQyTCnKteIAJy96Br6YbpEU1LSzV5dYtjMkMDg==",
      "peer": true,
      "engines": {
        "node": ">=0.10.0"
      }
    }
  }
}
